
Microsoft Visual Studio Solution File, Format Version 12.00
# Visual Studio Version 16
VisualStudioVersion = 16.0.28803.352
MinimumVisualStudioVersion = 10.0.40219.1
Project("{2150E333-8FDC-42A3-9474-1A3956D46DE8}") = "vbh_comm", "vbh_comm", "{A14FBAFB-4A58-4ACF-A82C-82500ABDFDB9}"
EndProject
Project("{2150E333-8FDC-42A3-9474-1A3956D46DE8}") = "vbh_sdk", "vbh_sdk", "{E1E4BC76-B869-43C8-AB4E-F54BBF5B69F5}"
EndProject
Project("{8BC9CEB8-8B4A-11D0-8D11-00A0C91BC942}") = "vbh_comm", "vbh_comm\vbh_comm.vcxproj", "{45D67A15-3F79-404D-B6F8-6C7CAE8C6408}"
EndProject
Project("{2150E333-8FDC-42A3-9474-1A3956D46DE8}") = "vbh_sdk_comm", "vbh_sdk_comm", "{29D3FE00-1D38-4C0B-BE3E-B04C86EE4C9D}"
EndProject
Project("{8BC9CEB8-8B4A-11D0-8D11-00A0C91BC942}") = "vbh_sdk_comm", "vbh_sdk\vbh_sdk_comm\vbh_sdk_comm.vcxproj", "{E5942287-F36C-4A21-BE91-D918332BE400}"
EndProject
Project("{2150E333-8FDC-42A3-9474-1A3956D46DE8}") = "plugin", "plugin", "{E30EEBFB-5AAE-4795-80C8-5FD733F0F178}"
EndProject
Project("{8BC9CEB8-8B4A-11D0-8D11-00A0C91BC942}") = "vbh_crypt_client_service", "vbh_sdk\plugin\vbh_crypt_client_service\vbh_crypt_client_service.vcxproj", "{D23F61C4-F62A-4F7D-AA41-AA8132339971}"
EndProject
Project("{8BC9CEB8-8B4A-11D0-8D11-00A0C91BC942}") = "vbh_client_sdk", "vbh_sdk\client_sdk\vbh_client_sdk.vcxproj", "{45988B68-1ACA-4E08-97BD-3862D3CDFEAA}"
EndProject
Project("{8BC9CEB8-8B4A-11D0-8D11-00A0C91BC942}") = "vbh_client_c_sdk", "vbh_sdk\client_c_sdk\vbh_client_c_sdk.vcxproj", "{1389A2DD-643E-4BE3-8CFD-C83DF4A11358}"
EndProject
Project("{2150E333-8FDC-42A3-9474-1A3956D46DE8}") = "test", "test", "{86228A4E-86BE-4C52-BB8B-E1B89CD84D4C}"
EndProject
Project("{8BC9CEB8-8B4A-11D0-8D11-00A0C91BC942}") = "vbh_func_test_client", "test\vbh_func_test_client\vbh_func_test.vcxproj", "{553FFA95-3620-44D5-8F11-6727FB79B71D}"
EndProject
Project("{8BC9CEB8-8B4A-11D0-8D11-00A0C91BC942}") = "vbh_perf_test_client", "test\vbh_perf_test\vbh_perf_test_client\vbh_perf_test_client.vcxproj", "{AEEC0EEB-1880-452C-961D-99531F6C0C01}"
EndProject
Project("{8BC9CEB8-8B4A-11D0-8D11-00A0C91BC942}") = "vbh_perf_test_regist_client", "test\vbh_perf_test_regist_client\vbh_perf_test_regist_client.vcxproj", "{62E19368-F021-448D-8DDA-48F59C56E0C9}"
EndProject
Global
	GlobalSection(SolutionConfigurationPlatforms) = preSolution
		Debug|ARM = Debug|ARM
		Debug|ARM64 = Debug|ARM64
		Debug|x64 = Debug|x64
		Debug|x86 = Debug|x86
		MinSizeRel|ARM = MinSizeRel|ARM
		MinSizeRel|ARM64 = MinSizeRel|ARM64
		MinSizeRel|x64 = MinSizeRel|x64
		MinSizeRel|x86 = MinSizeRel|x86
		Release|ARM = Release|ARM
		Release|ARM64 = Release|ARM64
		Release|x64 = Release|x64
		Release|x86 = Release|x86
		RelWithDebInfo|ARM = RelWithDebInfo|ARM
		RelWithDebInfo|ARM64 = RelWithDebInfo|ARM64
		RelWithDebInfo|x64 = RelWithDebInfo|x64
		RelWithDebInfo|x86 = RelWithDebInfo|x86
	EndGlobalSection
	GlobalSection(ProjectConfigurationPlatforms) = postSolution
		{45D67A15-3F79-404D-B6F8-6C7CAE8C6408}.Debug|ARM.ActiveCfg = Debug|Win32
		{45D67A15-3F79-404D-B6F8-6C7CAE8C6408}.Debug|ARM64.ActiveCfg = Debug|Win32
		{45D67A15-3F79-404D-B6F8-6C7CAE8C6408}.Debug|x64.ActiveCfg = Debug|x64
		{45D67A15-3F79-404D-B6F8-6C7CAE8C6408}.Debug|x64.Build.0 = Debug|x64
		{45D67A15-3F79-404D-B6F8-6C7CAE8C6408}.Debug|x86.ActiveCfg = Debug|Win32
		{45D67A15-3F79-404D-B6F8-6C7CAE8C6408}.Debug|x86.Build.0 = Debug|Win32
		{45D67A15-3F79-404D-B6F8-6C7CAE8C6408}.MinSizeRel|ARM.ActiveCfg = Release|Win32
		{45D67A15-3F79-404D-B6F8-6C7CAE8C6408}.MinSizeRel|ARM.Build.0 = Release|Win32
		{45D67A15-3F79-404D-B6F8-6C7CAE8C6408}.MinSizeRel|ARM64.ActiveCfg = Release|Win32
		{45D67A15-3F79-404D-B6F8-6C7CAE8C6408}.MinSizeRel|ARM64.Build.0 = Release|Win32
		{45D67A15-3F79-404D-B6F8-6C7CAE8C6408}.MinSizeRel|x64.ActiveCfg = Release|x64
		{45D67A15-3F79-404D-B6F8-6C7CAE8C6408}.MinSizeRel|x64.Build.0 = Release|x64
		{45D67A15-3F79-404D-B6F8-6C7CAE8C6408}.MinSizeRel|x86.ActiveCfg = Release|Win32
		{45D67A15-3F79-404D-B6F8-6C7CAE8C6408}.MinSizeRel|x86.Build.0 = Release|Win32
		{45D67A15-3F79-404D-B6F8-6C7CAE8C6408}.Release|ARM.ActiveCfg = Release|Win32
		{45D67A15-3F79-404D-B6F8-6C7CAE8C6408}.Release|ARM64.ActiveCfg = Release|Win32
		{45D67A15-3F79-404D-B6F8-6C7CAE8C6408}.Release|x64.ActiveCfg = Release|x64
		{45D67A15-3F79-404D-B6F8-6C7CAE8C6408}.Release|x64.Build.0 = Release|x64
		{45D67A15-3F79-404D-B6F8-6C7CAE8C6408}.Release|x86.ActiveCfg = Release|Win32
		{45D67A15-3F79-404D-B6F8-6C7CAE8C6408}.Release|x86.Build.0 = Release|Win32
		{45D67A15-3F79-404D-B6F8-6C7CAE8C6408}.RelWithDebInfo|ARM.ActiveCfg = Release|Win32
		{45D67A15-3F79-404D-B6F8-6C7CAE8C6408}.RelWithDebInfo|ARM.Build.0 = Release|Win32
		{45D67A15-3F79-404D-B6F8-6C7CAE8C6408}.RelWithDebInfo|ARM64.ActiveCfg = Release|Win32
		{45D67A15-3F79-404D-B6F8-6C7CAE8C6408}.RelWithDebInfo|ARM64.Build.0 = Release|Win32
		{45D67A15-3F79-404D-B6F8-6C7CAE8C6408}.RelWithDebInfo|x64.ActiveCfg = Release|x64
		{45D67A15-3F79-404D-B6F8-6C7CAE8C6408}.RelWithDebInfo|x64.Build.0 = Release|x64
		{45D67A15-3F79-404D-B6F8-6C7CAE8C6408}.RelWithDebInfo|x86.ActiveCfg = Release|Win32
		{45D67A15-3F79-404D-B6F8-6C7CAE8C6408}.RelWithDebInfo|x86.Build.0 = Release|Win32
		{E5942287-F36C-4A21-BE91-D918332BE400}.Debug|ARM.ActiveCfg = Debug|Win32
		{E5942287-F36C-4A21-BE91-D918332BE400}.Debug|ARM64.ActiveCfg = Debug|Win32
		{E5942287-F36C-4A21-BE91-D918332BE400}.Debug|x64.ActiveCfg = Debug|x64
		{E5942287-F36C-4A21-BE91-D918332BE400}.Debug|x64.Build.0 = Debug|x64
		{E5942287-F36C-4A21-BE91-D918332BE400}.Debug|x86.ActiveCfg = Debug|Win32
		{E5942287-F36C-4A21-BE91-D918332BE400}.Debug|x86.Build.0 = Debug|Win32
		{E5942287-F36C-4A21-BE91-D918332BE400}.MinSizeRel|ARM.ActiveCfg = Release|Win32
		{E5942287-F36C-4A21-BE91-D918332BE400}.MinSizeRel|ARM.Build.0 = Release|Win32
		{E5942287-F36C-4A21-BE91-D918332BE400}.MinSizeRel|ARM64.ActiveCfg = Release|Win32
		{E5942287-F36C-4A21-BE91-D918332BE400}.MinSizeRel|ARM64.Build.0 = Release|Win32
		{E5942287-F36C-4A21-BE91-D918332BE400}.MinSizeRel|x64.ActiveCfg = Release|x64
		{E5942287-F36C-4A21-BE91-D918332BE400}.MinSizeRel|x64.Build.0 = Release|x64
		{E5942287-F36C-4A21-BE91-D918332BE400}.MinSizeRel|x86.ActiveCfg = Release|Win32
		{E5942287-F36C-4A21-BE91-D918332BE400}.MinSizeRel|x86.Build.0 = Release|Win32
		{E5942287-F36C-4A21-BE91-D918332BE400}.Release|ARM.ActiveCfg = Release|Win32
		{E5942287-F36C-4A21-BE91-D918332BE400}.Release|ARM64.ActiveCfg = Release|Win32
		{E5942287-F36C-4A21-BE91-D918332BE400}.Release|x64.ActiveCfg = Release|x64
		{E5942287-F36C-4A21-BE91-D918332BE400}.Release|x64.Build.0 = Release|x64
		{E5942287-F36C-4A21-BE91-D918332BE400}.Release|x86.ActiveCfg = Release|Win32
		{E5942287-F36C-4A21-BE91-D918332BE400}.Release|x86.Build.0 = Release|Win32
		{E5942287-F36C-4A21-BE91-D918332BE400}.RelWithDebInfo|ARM.ActiveCfg = Release|Win32
		{E5942287-F36C-4A21-BE91-D918332BE400}.RelWithDebInfo|ARM.Build.0 = Release|Win32
		{E5942287-F36C-4A21-BE91-D918332BE400}.RelWithDebInfo|ARM64.ActiveCfg = Release|Win32
		{E5942287-F36C-4A21-BE91-D918332BE400}.RelWithDebInfo|ARM64.Build.0 = Release|Win32
		{E5942287-F36C-4A21-BE91-D918332BE400}.RelWithDebInfo|x64.ActiveCfg = Release|x64
		{E5942287-F36C-4A21-BE91-D918332BE400}.RelWithDebInfo|x64.Build.0 = Release|x64
		{E5942287-F36C-4A21-BE91-D918332BE400}.RelWithDebInfo|x86.ActiveCfg = Release|Win32
		{E5942287-F36C-4A21-BE91-D918332BE400}.RelWithDebInfo|x86.Build.0 = Release|Win32
		{D23F61C4-F62A-4F7D-AA41-AA8132339971}.Debug|ARM.ActiveCfg = Debug|Win32
		{D23F61C4-F62A-4F7D-AA41-AA8132339971}.Debug|ARM64.ActiveCfg = Debug|Win32
		{D23F61C4-F62A-4F7D-AA41-AA8132339971}.Debug|x64.ActiveCfg = Debug|x64
		{D23F61C4-F62A-4F7D-AA41-AA8132339971}.Debug|x64.Build.0 = Debug|x64
		{D23F61C4-F62A-4F7D-AA41-AA8132339971}.Debug|x86.ActiveCfg = Debug|Win32
		{D23F61C4-F62A-4F7D-AA41-AA8132339971}.Debug|x86.Build.0 = Debug|Win32
		{D23F61C4-F62A-4F7D-AA41-AA8132339971}.MinSizeRel|ARM.ActiveCfg = Release|Win32
		{D23F61C4-F62A-4F7D-AA41-AA8132339971}.MinSizeRel|ARM.Build.0 = Release|Win32
		{D23F61C4-F62A-4F7D-AA41-AA8132339971}.MinSizeRel|ARM64.ActiveCfg = Release|Win32
		{D23F61C4-F62A-4F7D-AA41-AA8132339971}.MinSizeRel|ARM64.Build.0 = Release|Win32
		{D23F61C4-F62A-4F7D-AA41-AA8132339971}.MinSizeRel|x64.ActiveCfg = Release|x64
		{D23F61C4-F62A-4F7D-AA41-AA8132339971}.MinSizeRel|x64.Build.0 = Release|x64
		{D23F61C4-F62A-4F7D-AA41-AA8132339971}.MinSizeRel|x86.ActiveCfg = Release|Win32
		{D23F61C4-F62A-4F7D-AA41-AA8132339971}.MinSizeRel|x86.Build.0 = Release|Win32
		{D23F61C4-F62A-4F7D-AA41-AA8132339971}.Release|ARM.ActiveCfg = Release|Win32
		{D23F61C4-F62A-4F7D-AA41-AA8132339971}.Release|ARM64.ActiveCfg = Release|Win32
		{D23F61C4-F62A-4F7D-AA41-AA8132339971}.Release|x64.ActiveCfg = Release|x64
		{D23F61C4-F62A-4F7D-AA41-AA8132339971}.Release|x64.Build.0 = Release|x64
		{D23F61C4-F62A-4F7D-AA41-AA8132339971}.Release|x86.ActiveCfg = Release|Win32
		{D23F61C4-F62A-4F7D-AA41-AA8132339971}.Release|x86.Build.0 = Release|Win32
		{D23F61C4-F62A-4F7D-AA41-AA8132339971}.RelWithDebInfo|ARM.ActiveCfg = Release|Win32
		{D23F61C4-F62A-4F7D-AA41-AA8132339971}.RelWithDebInfo|ARM.Build.0 = Release|Win32
		{D23F61C4-F62A-4F7D-AA41-AA8132339971}.RelWithDebInfo|ARM64.ActiveCfg = Release|Win32
		{D23F61C4-F62A-4F7D-AA41-AA8132339971}.RelWithDebInfo|ARM64.Build.0 = Release|Win32
		{D23F61C4-F62A-4F7D-AA41-AA8132339971}.RelWithDebInfo|x64.ActiveCfg = Release|x64
		{D23F61C4-F62A-4F7D-AA41-AA8132339971}.RelWithDebInfo|x64.Build.0 = Release|x64
		{D23F61C4-F62A-4F7D-AA41-AA8132339971}.RelWithDebInfo|x86.ActiveCfg = Release|Win32
		{D23F61C4-F62A-4F7D-AA41-AA8132339971}.RelWithDebInfo|x86.Build.0 = Release|Win32
		{45988B68-1ACA-4E08-97BD-3862D3CDFEAA}.Debug|ARM.ActiveCfg = Debug|Win32
		{45988B68-1ACA-4E08-97BD-3862D3CDFEAA}.Debug|ARM64.ActiveCfg = Debug|Win32
		{45988B68-1ACA-4E08-97BD-3862D3CDFEAA}.Debug|x64.ActiveCfg = Debug|x64
		{45988B68-1ACA-4E08-97BD-3862D3CDFEAA}.Debug|x64.Build.0 = Debug|x64
		{45988B68-1ACA-4E08-97BD-3862D3CDFEAA}.Debug|x86.ActiveCfg = Debug|Win32
		{45988B68-1ACA-4E08-97BD-3862D3CDFEAA}.Debug|x86.Build.0 = Debug|Win32
		{45988B68-1ACA-4E08-97BD-3862D3CDFEAA}.MinSizeRel|ARM.ActiveCfg = Release|Win32
		{45988B68-1ACA-4E08-97BD-3862D3CDFEAA}.MinSizeRel|ARM.Build.0 = Release|Win32
		{45988B68-1ACA-4E08-97BD-3862D3CDFEAA}.MinSizeRel|ARM64.ActiveCfg = Release|Win32
		{45988B68-1ACA-4E08-97BD-3862D3CDFEAA}.MinSizeRel|ARM64.Build.0 = Release|Win32
		{45988B68-1ACA-4E08-97BD-3862D3CDFEAA}.MinSizeRel|x64.ActiveCfg = Release|x64
		{45988B68-1ACA-4E08-97BD-3862D3CDFEAA}.MinSizeRel|x64.Build.0 = Release|x64
		{45988B68-1ACA-4E08-97BD-3862D3CDFEAA}.MinSizeRel|x86.ActiveCfg = Release|Win32
		{45988B68-1ACA-4E08-97BD-3862D3CDFEAA}.MinSizeRel|x86.Build.0 = Release|Win32
		{45988B68-1ACA-4E08-97BD-3862D3CDFEAA}.Release|ARM.ActiveCfg = Release|Win32
		{45988B68-1ACA-4E08-97BD-3862D3CDFEAA}.Release|ARM64.ActiveCfg = Release|Win32
		{45988B68-1ACA-4E08-97BD-3862D3CDFEAA}.Release|x64.ActiveCfg = Release|x64
		{45988B68-1ACA-4E08-97BD-3862D3CDFEAA}.Release|x64.Build.0 = Release|x64
		{45988B68-1ACA-4E08-97BD-3862D3CDFEAA}.Release|x86.ActiveCfg = Release|Win32
		{45988B68-1ACA-4E08-97BD-3862D3CDFEAA}.Release|x86.Build.0 = Release|Win32
		{45988B68-1ACA-4E08-97BD-3862D3CDFEAA}.RelWithDebInfo|ARM.ActiveCfg = Release|Win32
		{45988B68-1ACA-4E08-97BD-3862D3CDFEAA}.RelWithDebInfo|ARM.Build.0 = Release|Win32
		{45988B68-1ACA-4E08-97BD-3862D3CDFEAA}.RelWithDebInfo|ARM64.ActiveCfg = Release|Win32
		{45988B68-1ACA-4E08-97BD-3862D3CDFEAA}.RelWithDebInfo|ARM64.Build.0 = Release|Win32
		{45988B68-1ACA-4E08-97BD-3862D3CDFEAA}.RelWithDebInfo|x64.ActiveCfg = Release|x64
		{45988B68-1ACA-4E08-97BD-3862D3CDFEAA}.RelWithDebInfo|x64.Build.0 = Release|x64
		{45988B68-1ACA-4E08-97BD-3862D3CDFEAA}.RelWithDebInfo|x86.ActiveCfg = Release|Win32
		{45988B68-1ACA-4E08-97BD-3862D3CDFEAA}.RelWithDebInfo|x86.Build.0 = Release|Win32
		{1389A2DD-643E-4BE3-8CFD-C83DF4A11358}.Debug|ARM.ActiveCfg = Debug|Win32
		{1389A2DD-643E-4BE3-8CFD-C83DF4A11358}.Debug|ARM64.ActiveCfg = Debug|Win32
		{1389A2DD-643E-4BE3-8CFD-C83DF4A11358}.Debug|x64.ActiveCfg = Debug|x64
		{1389A2DD-643E-4BE3-8CFD-C83DF4A11358}.Debug|x64.Build.0 = Debug|x64
		{1389A2DD-643E-4BE3-8CFD-C83DF4A11358}.Debug|x86.ActiveCfg = Debug|Win32
		{1389A2DD-643E-4BE3-8CFD-C83DF4A11358}.Debug|x86.Build.0 = Debug|Win32
		{1389A2DD-643E-4BE3-8CFD-C83DF4A11358}.MinSizeRel|ARM.ActiveCfg = Release|Win32
		{1389A2DD-643E-4BE3-8CFD-C83DF4A11358}.MinSizeRel|ARM.Build.0 = Release|Win32
		{1389A2DD-643E-4BE3-8CFD-C83DF4A11358}.MinSizeRel|ARM64.ActiveCfg = Release|Win32
		{1389A2DD-643E-4BE3-8CFD-C83DF4A11358}.MinSizeRel|ARM64.Build.0 = Release|Win32
		{1389A2DD-643E-4BE3-8CFD-C83DF4A11358}.MinSizeRel|x64.ActiveCfg = Release|x64
		{1389A2DD-643E-4BE3-8CFD-C83DF4A11358}.MinSizeRel|x64.Build.0 = Release|x64
		{1389A2DD-643E-4BE3-8CFD-C83DF4A11358}.MinSizeRel|x86.ActiveCfg = Release|Win32
		{1389A2DD-643E-4BE3-8CFD-C83DF4A11358}.MinSizeRel|x86.Build.0 = Release|Win32
		{1389A2DD-643E-4BE3-8CFD-C83DF4A11358}.Release|ARM.ActiveCfg = Release|Win32
		{1389A2DD-643E-4BE3-8CFD-C83DF4A11358}.Release|ARM64.ActiveCfg = Release|Win32
		{1389A2DD-643E-4BE3-8CFD-C83DF4A11358}.Release|x64.ActiveCfg = Release|x64
		{1389A2DD-643E-4BE3-8CFD-C83DF4A11358}.Release|x64.Build.0 = Release|x64
		{1389A2DD-643E-4BE3-8CFD-C83DF4A11358}.Release|x86.ActiveCfg = Release|Win32
		{1389A2DD-643E-4BE3-8CFD-C83DF4A11358}.Release|x86.Build.0 = Release|Win32
		{1389A2DD-643E-4BE3-8CFD-C83DF4A11358}.RelWithDebInfo|ARM.ActiveCfg = Release|Win32
		{1389A2DD-643E-4BE3-8CFD-C83DF4A11358}.RelWithDebInfo|ARM.Build.0 = Release|Win32
		{1389A2DD-643E-4BE3-8CFD-C83DF4A11358}.RelWithDebInfo|ARM64.ActiveCfg = Release|Win32
		{1389A2DD-643E-4BE3-8CFD-C83DF4A11358}.RelWithDebInfo|ARM64.Build.0 = Release|Win32
		{1389A2DD-643E-4BE3-8CFD-C83DF4A11358}.RelWithDebInfo|x64.ActiveCfg = Release|x64
		{1389A2DD-643E-4BE3-8CFD-C83DF4A11358}.RelWithDebInfo|x64.Build.0 = Release|x64
		{1389A2DD-643E-4BE3-8CFD-C83DF4A11358}.RelWithDebInfo|x86.ActiveCfg = Release|Win32
		{1389A2DD-643E-4BE3-8CFD-C83DF4A11358}.RelWithDebInfo|x86.Build.0 = Release|Win32
		{553FFA95-3620-44D5-8F11-6727FB79B71D}.Debug|ARM.ActiveCfg = Debug|Win32
		{553FFA95-3620-44D5-8F11-6727FB79B71D}.Debug|ARM64.ActiveCfg = Debug|Win32
		{553FFA95-3620-44D5-8F11-6727FB79B71D}.Debug|x64.ActiveCfg = Debug|x64
		{553FFA95-3620-44D5-8F11-6727FB79B71D}.Debug|x64.Build.0 = Debug|x64
		{553FFA95-3620-44D5-8F11-6727FB79B71D}.Debug|x86.ActiveCfg = Debug|Win32
		{553FFA95-3620-44D5-8F11-6727FB79B71D}.Debug|x86.Build.0 = Debug|Win32
		{553FFA95-3620-44D5-8F11-6727FB79B71D}.MinSizeRel|ARM.ActiveCfg = Release|x64
		{553FFA95-3620-44D5-8F11-6727FB79B71D}.MinSizeRel|ARM.Build.0 = Release|x64
		{553FFA95-3620-44D5-8F11-6727FB79B71D}.MinSizeRel|ARM64.ActiveCfg = Release|x64
		{553FFA95-3620-44D5-8F11-6727FB79B71D}.MinSizeRel|ARM64.Build.0 = Release|x64
		{553FFA95-3620-44D5-8F11-6727FB79B71D}.MinSizeRel|x64.ActiveCfg = Release|x64
		{553FFA95-3620-44D5-8F11-6727FB79B71D}.MinSizeRel|x64.Build.0 = Release|x64
		{553FFA95-3620-44D5-8F11-6727FB79B71D}.MinSizeRel|x86.ActiveCfg = Release|Win32
		{553FFA95-3620-44D5-8F11-6727FB79B71D}.MinSizeRel|x86.Build.0 = Release|Win32
		{553FFA95-3620-44D5-8F11-6727FB79B71D}.Release|ARM.ActiveCfg = Release|Win32
		{553FFA95-3620-44D5-8F11-6727FB79B71D}.Release|ARM64.ActiveCfg = Release|Win32
		{553FFA95-3620-44D5-8F11-6727FB79B71D}.Release|x64.ActiveCfg = Release|x64
		{553FFA95-3620-44D5-8F11-6727FB79B71D}.Release|x64.Build.0 = Release|x64
		{553FFA95-3620-44D5-8F11-6727FB79B71D}.Release|x86.ActiveCfg = Release|Win32
		{553FFA95-3620-44D5-8F11-6727FB79B71D}.Release|x86.Build.0 = Release|Win32
		{553FFA95-3620-44D5-8F11-6727FB79B71D}.RelWithDebInfo|ARM.ActiveCfg = Release|x64
		{553FFA95-3620-44D5-8F11-6727FB79B71D}.RelWithDebInfo|ARM.Build.0 = Release|x64
		{553FFA95-3620-44D5-8F11-6727FB79B71D}.RelWithDebInfo|ARM64.ActiveCfg = Release|x64
		{553FFA95-3620-44D5-8F11-6727FB79B71D}.RelWithDebInfo|ARM64.Build.0 = Release|x64
		{553FFA95-3620-44D5-8F11-6727FB79B71D}.RelWithDebInfo|x64.ActiveCfg = Release|x64
		{553FFA95-3620-44D5-8F11-6727FB79B71D}.RelWithDebInfo|x64.Build.0 = Release|x64
		{553FFA95-3620-44D5-8F11-6727FB79B71D}.RelWithDebInfo|x86.ActiveCfg = Release|Win32
		{553FFA95-3620-44D5-8F11-6727FB79B71D}.RelWithDebInfo|x86.Build.0 = Release|Win32
		{AEEC0EEB-1880-452C-961D-99531F6C0C01}.Debug|ARM.ActiveCfg = Debug|Win32
		{AEEC0EEB-1880-452C-961D-99531F6C0C01}.Debug|ARM64.ActiveCfg = Debug|Win32
		{AEEC0EEB-1880-452C-961D-99531F6C0C01}.Debug|x64.ActiveCfg = Debug|x64
		{AEEC0EEB-1880-452C-961D-99531F6C0C01}.Debug|x64.Build.0 = Debug|x64
		{AEEC0EEB-1880-452C-961D-99531F6C0C01}.Debug|x86.ActiveCfg = Debug|Win32
		{AEEC0EEB-1880-452C-961D-99531F6C0C01}.Debug|x86.Build.0 = Debug|Win32
		{AEEC0EEB-1880-452C-961D-99531F6C0C01}.MinSizeRel|ARM.ActiveCfg = Release|x64
		{AEEC0EEB-1880-452C-961D-99531F6C0C01}.MinSizeRel|ARM.Build.0 = Release|x64
		{AEEC0EEB-1880-452C-961D-99531F6C0C01}.MinSizeRel|ARM64.ActiveCfg = Release|x64
		{AEEC0EEB-1880-452C-961D-99531F6C0C01}.MinSizeRel|ARM64.Build.0 = Release|x64
		{AEEC0EEB-1880-452C-961D-99531F6C0C01}.MinSizeRel|x64.ActiveCfg = Release|x64
		{AEEC0EEB-1880-452C-961D-99531F6C0C01}.MinSizeRel|x64.Build.0 = Release|x64
		{AEEC0EEB-1880-452C-961D-99531F6C0C01}.MinSizeRel|x86.ActiveCfg = Release|Win32
		{AEEC0EEB-1880-452C-961D-99531F6C0C01}.MinSizeRel|x86.Build.0 = Release|Win32
		{AEEC0EEB-1880-452C-961D-99531F6C0C01}.Release|ARM.ActiveCfg = Release|Win32
		{AEEC0EEB-1880-452C-961D-99531F6C0C01}.Release|ARM64.ActiveCfg = Release|Win32
		{AEEC0EEB-1880-452C-961D-99531F6C0C01}.Release|x64.ActiveCfg = Release|x64
		{AEEC0EEB-1880-452C-961D-99531F6C0C01}.Release|x64.Build.0 = Release|x64
		{AEEC0EEB-1880-452C-961D-99531F6C0C01}.Release|x86.ActiveCfg = Release|Win32
		{AEEC0EEB-1880-452C-961D-99531F6C0C01}.Release|x86.Build.0 = Release|Win32
		{AEEC0EEB-1880-452C-961D-99531F6C0C01}.RelWithDebInfo|ARM.ActiveCfg = Release|x64
		{AEEC0EEB-1880-452C-961D-99531F6C0C01}.RelWithDebInfo|ARM.Build.0 = Release|x64
		{AEEC0EEB-1880-452C-961D-99531F6C0C01}.RelWithDebInfo|ARM64.ActiveCfg = Release|x64
		{AEEC0EEB-1880-452C-961D-99531F6C0C01}.RelWithDebInfo|ARM64.Build.0 = Release|x64
		{AEEC0EEB-1880-452C-961D-99531F6C0C01}.RelWithDebInfo|x64.ActiveCfg = Release|x64
		{AEEC0EEB-1880-452C-961D-99531F6C0C01}.RelWithDebInfo|x64.Build.0 = Release|x64
		{AEEC0EEB-1880-452C-961D-99531F6C0C01}.RelWithDebInfo|x86.ActiveCfg = Release|Win32
		{AEEC0EEB-1880-452C-961D-99531F6C0C01}.RelWithDebInfo|x86.Build.0 = Release|Win32
		{62E19368-F021-448D-8DDA-48F59C56E0C9}.Debug|ARM.ActiveCfg = Debug|Win32
		{62E19368-F021-448D-8DDA-48F59C56E0C9}.Debug|ARM64.ActiveCfg = Debug|Win32
		{62E19368-F021-448D-8DDA-48F59C56E0C9}.Debug|x64.ActiveCfg = Debug|x64
		{62E19368-F021-448D-8DDA-48F59C56E0C9}.Debug|x64.Build.0 = Debug|x64
		{62E19368-F021-448D-8DDA-48F59C56E0C9}.Debug|x86.ActiveCfg = Debug|Win32
		{62E19368-F021-448D-8DDA-48F59C56E0C9}.Debug|x86.Build.0 = Debug|Win32
		{62E19368-F021-448D-8DDA-48F59C56E0C9}.MinSizeRel|ARM.ActiveCfg = Release|x64
		{62E19368-F021-448D-8DDA-48F59C56E0C9}.MinSizeRel|ARM.Build.0 = Release|x64
		{62E19368-F021-448D-8DDA-48F59C56E0C9}.MinSizeRel|ARM64.ActiveCfg = Release|x64
		{62E19368-F021-448D-8DDA-48F59C56E0C9}.MinSizeRel|ARM64.Build.0 = Release|x64
		{62E19368-F021-448D-8DDA-48F59C56E0C9}.MinSizeRel|x64.ActiveCfg = Release|x64
		{62E19368-F021-448D-8DDA-48F59C56E0C9}.MinSizeRel|x64.Build.0 = Release|x64
		{62E19368-F021-448D-8DDA-48F59C56E0C9}.MinSizeRel|x86.ActiveCfg = Release|Win32
		{62E19368-F021-448D-8DDA-48F59C56E0C9}.MinSizeRel|x86.Build.0 = Release|Win32
		{62E19368-F021-448D-8DDA-48F59C56E0C9}.Release|ARM.ActiveCfg = Release|Win32
		{62E19368-F021-448D-8DDA-48F59C56E0C9}.Release|ARM64.ActiveCfg = Release|Win32
		{62E19368-F021-448D-8DDA-48F59C56E0C9}.Release|x64.ActiveCfg = Release|x64
		{62E19368-F021-448D-8DDA-48F59C56E0C9}.Release|x64.Build.0 = Release|x64
		{62E19368-F021-448D-8DDA-48F59C56E0C9}.Release|x86.ActiveCfg = Release|Win32
		{62E19368-F021-448D-8DDA-48F59C56E0C9}.Release|x86.Build.0 = Release|Win32
		{62E19368-F021-448D-8DDA-48F59C56E0C9}.RelWithDebInfo|ARM.ActiveCfg = Release|x64
		{62E19368-F021-448D-8DDA-48F59C56E0C9}.RelWithDebInfo|ARM.Build.0 = Release|x64
		{62E19368-F021-448D-8DDA-48F59C56E0C9}.RelWithDebInfo|ARM64.ActiveCfg = Release|x64
		{62E19368-F021-448D-8DDA-48F59C56E0C9}.RelWithDebInfo|ARM64.Build.0 = Release|x64
		{62E19368-F021-448D-8DDA-48F59C56E0C9}.RelWithDebInfo|x64.ActiveCfg = Release|x64
		{62E19368-F021-448D-8DDA-48F59C56E0C9}.RelWithDebInfo|x64.Build.0 = Release|x64
		{62E19368-F021-448D-8DDA-48F59C56E0C9}.RelWithDebInfo|x86.ActiveCfg = Release|Win32
		{62E19368-F021-448D-8DDA-48F59C56E0C9}.RelWithDebInfo|x86.Build.0 = Release|Win32
	EndGlobalSection
	GlobalSection(SolutionProperties) = preSolution
		HideSolutionNode = FALSE
	EndGlobalSection
	GlobalSection(NestedProjects) = preSolution
		{45D67A15-3F79-404D-B6F8-6C7CAE8C6408} = {A14FBAFB-4A58-4ACF-A82C-82500ABDFDB9}
		{29D3FE00-1D38-4C0B-BE3E-B04C86EE4C9D} = {E1E4BC76-B869-43C8-AB4E-F54BBF5B69F5}
		{E5942287-F36C-4A21-BE91-D918332BE400} = {29D3FE00-1D38-4C0B-BE3E-B04C86EE4C9D}
		{E30EEBFB-5AAE-4795-80C8-5FD733F0F178} = {E1E4BC76-B869-43C8-AB4E-F54BBF5B69F5}
		{D23F61C4-F62A-4F7D-AA41-AA8132339971} = {E30EEBFB-5AAE-4795-80C8-5FD733F0F178}
		{45988B68-1ACA-4E08-97BD-3862D3CDFEAA} = {E1E4BC76-B869-43C8-AB4E-F54BBF5B69F5}
		{1389A2DD-643E-4BE3-8CFD-C83DF4A11358} = {E1E4BC76-B869-43C8-AB4E-F54BBF5B69F5}
		{553FFA95-3620-44D5-8F11-6727FB79B71D} = {86228A4E-86BE-4C52-BB8B-E1B89CD84D4C}
		{AEEC0EEB-1880-452C-961D-99531F6C0C01} = {86228A4E-86BE-4C52-BB8B-E1B89CD84D4C}
		{62E19368-F021-448D-8DDA-48F59C56E0C9} = {86228A4E-86BE-4C52-BB8B-E1B89CD84D4C}
	EndGlobalSection
	GlobalSection(ExtensibilityGlobals) = postSolution
		SolutionGuid = {25CD4B8C-5847-4405-ACD0-52460BB380D1}
	EndGlobalSection
	GlobalSection(Performance) = preSolution
		HasPerformanceSessions = true
	EndGlobalSection
EndGlobal
